
Microsoft Visual Studio Solution File, Format Version 12.00
# Visual Studio 15
VisualStudioVersion = 15.0.26730.16
MinimumVisualStudioVersion = 10.0.40219.1
Project("{FAE04EC0-301F-11D3-BF4B-00C04F79EFBC}") = "Ex6", "Ex6\Ex6.csproj", "{F93EF8DB-DC1A-4F01-A07B-6CF6A67A3647}"
EndProject
Global
	GlobalSection(SolutionConfigurationPlatforms) = preSolution
		Debug|Any CPU = Debug|Any CPU
		Release|Any CPU = Release|Any CPU
	EndGlobalSection
	GlobalSection(ProjectConfigurationPlatforms) = postSolution
		{F93EF8DB-DC1A-4F01-A07B-6CF6A67A3647}.Debug|Any CPU.ActiveCfg = Debug|Any CPU
		{F93EF8DB-DC1A-4F01-A07B-6CF6A67A3647}.Debug|Any CPU.Build.0 = Debug|Any CPU
		{F93EF8DB-DC1A-4F01-A07B-6CF6A67A3647}.Release|Any CPU.ActiveCfg = Release|Any CPU
		{F93EF8DB-DC1A-4F01-A07B-6CF6A67A3647}.Release|Any CPU.Build.0 = Release|Any CPU
	EndGlobalSection
	GlobalSection(SolutionProperties) = preSolution
		HideSolutionNode = FALSE
	EndGlobalSection
	GlobalSection(ExtensibilityGlobals) = postSolution
		SolutionGuid = {F79056C7-4F23-4543-B19B-ECB069D4968A}
	EndGlobalSection
EndGlobal
