
Microsoft Visual Studio Solution File, Format Version 12.00
# Visual Studio 15
VisualStudioVersion = 15.0.26730.16
MinimumVisualStudioVersion = 10.0.40219.1
Project("{FAE04EC0-301F-11D3-BF4B-00C04F79EFBC}") = "Ex8", "Ex8\Ex8.csproj", "{14798102-59D1-4C15-A061-B53E165DB607}"
EndProject
Global
	GlobalSection(SolutionConfigurationPlatforms) = preSolution
		Debug|Any CPU = Debug|Any CPU
		Release|Any CPU = Release|Any CPU
	EndGlobalSection
	GlobalSection(ProjectConfigurationPlatforms) = postSolution
		{14798102-59D1-4C15-A061-B53E165DB607}.Debug|Any CPU.ActiveCfg = Debug|Any CPU
		{14798102-59D1-4C15-A061-B53E165DB607}.Debug|Any CPU.Build.0 = Debug|Any CPU
		{14798102-59D1-4C15-A061-B53E165DB607}.Release|Any CPU.ActiveCfg = Release|Any CPU
		{14798102-59D1-4C15-A061-B53E165DB607}.Release|Any CPU.Build.0 = Release|Any CPU
	EndGlobalSection
	GlobalSection(SolutionProperties) = preSolution
		HideSolutionNode = FALSE
	EndGlobalSection
	GlobalSection(ExtensibilityGlobals) = postSolution
		SolutionGuid = {A29E4ED1-55D4-415B-BB20-63242577E555}
	EndGlobalSection
EndGlobal
